
Microsoft Visual Studio Solution File, Format Version 12.00
# Visual Studio 15
VisualStudioVersion = 15.0.28307.271
MinimumVisualStudioVersion = 10.0.40219.1
Project("{FAE04EC0-301F-11D3-BF4B-00C04F79EFBC}") = "30Steps", "30Steps\30Steps.csproj", "{BF01EF17-6BFA-48CB-B432-19D79F53CA76}"
EndProject
Global
	GlobalSection(SolutionConfigurationPlatforms) = preSolution
		Debug|Any CPU = Debug|Any CPU
		Release|Any CPU = Release|Any CPU
	EndGlobalSection
	GlobalSection(ProjectConfigurationPlatforms) = postSolution
		{BF01EF17-6BFA-48CB-B432-19D79F53CA76}.Debug|Any CPU.ActiveCfg = Debug|Any CPU
		{BF01EF17-6BFA-48CB-B432-19D79F53CA76}.Debug|Any CPU.Build.0 = Debug|Any CPU
		{BF01EF17-6BFA-48CB-B432-19D79F53CA76}.Release|Any CPU.ActiveCfg = Release|Any CPU
		{BF01EF17-6BFA-48CB-B432-19D79F53CA76}.Release|Any CPU.Build.0 = Release|Any CPU
	EndGlobalSection
	GlobalSection(SolutionProperties) = preSolution
		HideSolutionNode = FALSE
	EndGlobalSection
	GlobalSection(ExtensibilityGlobals) = postSolution
		SolutionGuid = {DB3B650A-0369-4425-8D8B-3EC4F51CD98D}
	EndGlobalSection
EndGlobal
